
Microsoft Visual Studio Solution File, Format Version 12.00
# Visual Studio Version 16
VisualStudioVersion = 16.0.29609.76
MinimumVisualStudioVersion = 10.0.40219.1
Project("{FAE04EC0-301F-11D3-BF4B-00C04F79EFBC}") = "Demos", "Demos\Demos.csproj", "{3C7C8B42-49CD-48DB-8E7E-719037638918}"
EndProject
Project("{FAE04EC0-301F-11D3-BF4B-00C04F79EFBC}") = "curso.datos", "curso.datos\curso.datos.csproj", "{29C08B78-1C58-450D-8E7F-B7BC4BF230C1}"
EndProject
Project("{FAE04EC0-301F-11D3-BF4B-00C04F79EFBC}") = "curso.entity", "curso.entity\curso.entity.csproj", "{26AB86E3-1E88-456B-8EC5-437E0F155A21}"
EndProject
Project("{FAE04EC0-301F-11D3-BF4B-00C04F79EFBC}") = "curso.codefirst", "curso.codefirst\curso.codefirst.csproj", "{EC60AD44-4641-48C6-ACF2-A5041CCA4FE7}"
EndProject
Project("{2150E333-8FDC-42A3-9474-1A3956D46DE8}") = "1. Presentacion", "1. Presentacion", "{1A12C674-912A-4A74-B98C-A809572B9F0D}"
EndProject
Project("{2150E333-8FDC-42A3-9474-1A3956D46DE8}") = "2. Distribuidos", "2. Distribuidos", "{3654ED81-E3D8-41FE-9CD6-8E177DE0268A}"
EndProject
Project("{2150E333-8FDC-42A3-9474-1A3956D46DE8}") = "3. Aplicacion", "3. Aplicacion", "{CACE2F15-0DF6-48CE-900F-23DFE442DDA5}"
EndProject
Project("{2150E333-8FDC-42A3-9474-1A3956D46DE8}") = "4. Dominio", "4. Dominio", "{E7C3057E-4523-4736-A3D8-1D9495D7E567}"
EndProject
Project("{2150E333-8FDC-42A3-9474-1A3956D46DE8}") = "Entidades", "Entidades", "{5BAA6892-A674-4758-BCA5-0D3A4408CCC6}"
EndProject
Project("{2150E333-8FDC-42A3-9474-1A3956D46DE8}") = "Servicios", "Servicios", "{C5F39F38-B7F2-4AE7-A39F-9B866441C1A6}"
EndProject
Project("{2150E333-8FDC-42A3-9474-1A3956D46DE8}") = "5. Infraestructura", "5. Infraestructura", "{7869F378-CE66-4F99-A23D-A736BF397279}"
EndProject
Project("{2150E333-8FDC-42A3-9474-1A3956D46DE8}") = "5.1 Datos", "5.1 Datos", "{01D8FA81-F2F1-4F97-AAEB-E6A999BD3B65}"
EndProject
Project("{2150E333-8FDC-42A3-9474-1A3956D46DE8}") = "5.2 Seguridad", "5.2 Seguridad", "{6C140599-F2F6-42E9-8CD7-4693EEA63C60}"
EndProject
Project("{2150E333-8FDC-42A3-9474-1A3956D46DE8}") = "Core", "Core", "{E1DA04B2-A9F5-4827-825D-6809462055F4}"
EndProject
Project("{FAE04EC0-301F-11D3-BF4B-00C04F79EFBC}") = "curso.repositorios", "curso.repositorios\curso.repositorios.csproj", "{94FA0D54-C260-409F-9C24-98FA293577CC}"
EndProject
Project("{FAE04EC0-301F-11D3-BF4B-00C04F79EFBC}") = "my.repositorios.core", "my.repositorios.core\my.repositorios.core.csproj", "{14A586F4-E64C-4E7A-86B2-5A8B023F194C}"
EndProject
Project("{FAE04EC0-301F-11D3-BF4B-00C04F79EFBC}") = "curso.entidades", "curso.entidades\curso.entidades.csproj", "{9792A083-B0AD-4648-80FE-6C95738997A1}"
EndProject
Project("{FAE04EC0-301F-11D3-BF4B-00C04F79EFBC}") = "curso.dominio.servicios", "curso.dominio.servicios\curso.dominio.servicios.csproj", "{4AAF6862-A0C2-4D11-9870-6923F95C9EB5}"
EndProject
Project("{2150E333-8FDC-42A3-9474-1A3956D46DE8}") = "Web", "Web", "{826C9FD5-F88D-4ED1-8EFC-3B3A79A35D71}"
EndProject
Project("{2150E333-8FDC-42A3-9474-1A3956D46DE8}") = "1.1 Windows", "1.1 Windows", "{A7BA7DAD-2175-4941-A4DB-5D9DBD3F93AE}"
EndProject
Project("{2150E333-8FDC-42A3-9474-1A3956D46DE8}") = "WPF", "WPF", "{6A75FDDA-0E01-41B1-BB3C-CA008A5CAD6A}"
EndProject
Project("{FAE04EC0-301F-11D3-BF4B-00C04F79EFBC}") = "App", "App\App.csproj", "{9165833E-46EB-4E28-87BA-32D75CA891ED}"
EndProject
Global
	GlobalSection(SolutionConfigurationPlatforms) = preSolution
		Debug|Any CPU = Debug|Any CPU
		Release|Any CPU = Release|Any CPU
	EndGlobalSection
	GlobalSection(ProjectConfigurationPlatforms) = postSolution
		{3C7C8B42-49CD-48DB-8E7E-719037638918}.Debug|Any CPU.ActiveCfg = Debug|Any CPU
		{3C7C8B42-49CD-48DB-8E7E-719037638918}.Debug|Any CPU.Build.0 = Debug|Any CPU
		{3C7C8B42-49CD-48DB-8E7E-719037638918}.Release|Any CPU.ActiveCfg = Release|Any CPU
		{3C7C8B42-49CD-48DB-8E7E-719037638918}.Release|Any CPU.Build.0 = Release|Any CPU
		{29C08B78-1C58-450D-8E7F-B7BC4BF230C1}.Debug|Any CPU.ActiveCfg = Debug|Any CPU
		{29C08B78-1C58-450D-8E7F-B7BC4BF230C1}.Debug|Any CPU.Build.0 = Debug|Any CPU
		{29C08B78-1C58-450D-8E7F-B7BC4BF230C1}.Release|Any CPU.ActiveCfg = Release|Any CPU
		{29C08B78-1C58-450D-8E7F-B7BC4BF230C1}.Release|Any CPU.Build.0 = Release|Any CPU
		{26AB86E3-1E88-456B-8EC5-437E0F155A21}.Debug|Any CPU.ActiveCfg = Debug|Any CPU
		{26AB86E3-1E88-456B-8EC5-437E0F155A21}.Debug|Any CPU.Build.0 = Debug|Any CPU
		{26AB86E3-1E88-456B-8EC5-437E0F155A21}.Release|Any CPU.ActiveCfg = Release|Any CPU
		{26AB86E3-1E88-456B-8EC5-437E0F155A21}.Release|Any CPU.Build.0 = Release|Any CPU
		{EC60AD44-4641-48C6-ACF2-A5041CCA4FE7}.Debug|Any CPU.ActiveCfg = Debug|Any CPU
		{EC60AD44-4641-48C6-ACF2-A5041CCA4FE7}.Debug|Any CPU.Build.0 = Debug|Any CPU
		{EC60AD44-4641-48C6-ACF2-A5041CCA4FE7}.Release|Any CPU.ActiveCfg = Release|Any CPU
		{EC60AD44-4641-48C6-ACF2-A5041CCA4FE7}.Release|Any CPU.Build.0 = Release|Any CPU
		{94FA0D54-C260-409F-9C24-98FA293577CC}.Debug|Any CPU.ActiveCfg = Debug|Any CPU
		{94FA0D54-C260-409F-9C24-98FA293577CC}.Debug|Any CPU.Build.0 = Debug|Any CPU
		{94FA0D54-C260-409F-9C24-98FA293577CC}.Release|Any CPU.ActiveCfg = Release|Any CPU
		{94FA0D54-C260-409F-9C24-98FA293577CC}.Release|Any CPU.Build.0 = Release|Any CPU
		{14A586F4-E64C-4E7A-86B2-5A8B023F194C}.Debug|Any CPU.ActiveCfg = Debug|Any CPU
		{14A586F4-E64C-4E7A-86B2-5A8B023F194C}.Debug|Any CPU.Build.0 = Debug|Any CPU
		{14A586F4-E64C-4E7A-86B2-5A8B023F194C}.Release|Any CPU.ActiveCfg = Release|Any CPU
		{14A586F4-E64C-4E7A-86B2-5A8B023F194C}.Release|Any CPU.Build.0 = Release|Any CPU
		{9792A083-B0AD-4648-80FE-6C95738997A1}.Debug|Any CPU.ActiveCfg = Debug|Any CPU
		{9792A083-B0AD-4648-80FE-6C95738997A1}.Debug|Any CPU.Build.0 = Debug|Any CPU
		{9792A083-B0AD-4648-80FE-6C95738997A1}.Release|Any CPU.ActiveCfg = Release|Any CPU
		{9792A083-B0AD-4648-80FE-6C95738997A1}.Release|Any CPU.Build.0 = Release|Any CPU
		{4AAF6862-A0C2-4D11-9870-6923F95C9EB5}.Debug|Any CPU.ActiveCfg = Debug|Any CPU
		{4AAF6862-A0C2-4D11-9870-6923F95C9EB5}.Debug|Any CPU.Build.0 = Debug|Any CPU
		{4AAF6862-A0C2-4D11-9870-6923F95C9EB5}.Release|Any CPU.ActiveCfg = Release|Any CPU
		{4AAF6862-A0C2-4D11-9870-6923F95C9EB5}.Release|Any CPU.Build.0 = Release|Any CPU
		{9165833E-46EB-4E28-87BA-32D75CA891ED}.Debug|Any CPU.ActiveCfg = Debug|Any CPU
		{9165833E-46EB-4E28-87BA-32D75CA891ED}.Debug|Any CPU.Build.0 = Debug|Any CPU
		{9165833E-46EB-4E28-87BA-32D75CA891ED}.Release|Any CPU.ActiveCfg = Release|Any CPU
		{9165833E-46EB-4E28-87BA-32D75CA891ED}.Release|Any CPU.Build.0 = Release|Any CPU
	EndGlobalSection
	GlobalSection(SolutionProperties) = preSolution
		HideSolutionNode = FALSE
	EndGlobalSection
	GlobalSection(NestedProjects) = preSolution
		{5BAA6892-A674-4758-BCA5-0D3A4408CCC6} = {E7C3057E-4523-4736-A3D8-1D9495D7E567}
		{C5F39F38-B7F2-4AE7-A39F-9B866441C1A6} = {E7C3057E-4523-4736-A3D8-1D9495D7E567}
		{01D8FA81-F2F1-4F97-AAEB-E6A999BD3B65} = {7869F378-CE66-4F99-A23D-A736BF397279}
		{6C140599-F2F6-42E9-8CD7-4693EEA63C60} = {7869F378-CE66-4F99-A23D-A736BF397279}
		{E1DA04B2-A9F5-4827-825D-6809462055F4} = {01D8FA81-F2F1-4F97-AAEB-E6A999BD3B65}
		{94FA0D54-C260-409F-9C24-98FA293577CC} = {01D8FA81-F2F1-4F97-AAEB-E6A999BD3B65}
		{14A586F4-E64C-4E7A-86B2-5A8B023F194C} = {E1DA04B2-A9F5-4827-825D-6809462055F4}
		{9792A083-B0AD-4648-80FE-6C95738997A1} = {5BAA6892-A674-4758-BCA5-0D3A4408CCC6}
		{4AAF6862-A0C2-4D11-9870-6923F95C9EB5} = {C5F39F38-B7F2-4AE7-A39F-9B866441C1A6}
		{826C9FD5-F88D-4ED1-8EFC-3B3A79A35D71} = {1A12C674-912A-4A74-B98C-A809572B9F0D}
		{A7BA7DAD-2175-4941-A4DB-5D9DBD3F93AE} = {1A12C674-912A-4A74-B98C-A809572B9F0D}
		{6A75FDDA-0E01-41B1-BB3C-CA008A5CAD6A} = {A7BA7DAD-2175-4941-A4DB-5D9DBD3F93AE}
		{9165833E-46EB-4E28-87BA-32D75CA891ED} = {6A75FDDA-0E01-41B1-BB3C-CA008A5CAD6A}
	EndGlobalSection
	GlobalSection(ExtensibilityGlobals) = postSolution
		SolutionGuid = {D0238E05-A0AE-4CC5-A69E-1BC541BE7554}
	EndGlobalSection
EndGlobal
